[[package]]
category = "dev"
description = "Bash tab completion for argparse"
name = "argcomplete"
optional = false
python-versions = "*"
version = "1.12.1"

[package.dependencies]
[package.dependencies.importlib-metadata]
python = ">=3.6,<3.7"
version = ">=0.23,<3"

[package.extras]
test = ["coverage", "flake8", "pexpect", "wheel"]

[[package]]
category = "dev"
description = "Classes Without Boilerplate"
name = "attrs"
optional = false
python-versions = ">=2.7, !=3.0.*, !=3.1.*, !=3.2.*, !=3.3.*"
version = "20.2.0"

[package.extras]
dev = ["coverage (>=5.0.2)", "hypothesis", "pympler", "pytest (>=4.3.0)", "six", "zope.interface", "sphinx", "sphinx-rtd-theme", "pre-commit"]
docs = ["sphinx", "sphinx-rtd-theme", "zope.interface"]
tests = ["coverage (>=5.0.2)", "hypothesis", "pympler", "pytest (>=4.3.0)", "six", "zope.interface"]
tests_no_zope = ["coverage (>=5.0.2)", "hypothesis", "pympler", "pytest (>=4.3.0)", "six"]

[[package]]
category = "dev"
description = "The AWS SDK for Python"
name = "boto3"
optional = false
python-versions = "*"
version = "1.16.6"

[package.dependencies]
botocore = ">=1.19.6,<1.20.0"
jmespath = ">=0.7.1,<1.0.0"
s3transfer = ">=0.3.0,<0.4.0"

[[package]]
category = "dev"
description = "Low-level, data-driven core of boto 3."
name = "botocore"
optional = false
python-versions = "*"
version = "1.19.6"

[package.dependencies]
jmespath = ">=0.7.1,<1.0.0"
python-dateutil = ">=2.1,<3.0.0"

[package.dependencies.urllib3]
python = "<3.4.0 || >=3.5.0"
version = ">=1.25.4,<1.26"

[[package]]
category = "dev"
description = ""
develop = true
name = "c7n"
optional = false
python-versions = "^3.6"
version = "0.9.7"

[package.dependencies]
argcomplete = "^1.11.1"
boto3 = "^1.12.31"
importlib-metadata = "<2.0.0;python_version<3.8"
jsonpickle = "1.3"
jsonschema = "^3.2.0"
python-dateutil = "^2.8.1"
pyyaml = "^5.3"
tabulate = "^0.8.6"

[package.source]
reference = ""
type = "directory"
url = "../.."

[[package]]
category = "main"
description = "Composable command line interface toolkit"
name = "click"
optional = false
python-versions = ">=2.7, !=3.0.*, !=3.1.*, !=3.2.*, !=3.3.*, !=3.4.*"
version = "7.1.2"

[[package]]
category = "dev"
description = "Read metadata from Python packages"
name = "importlib-metadata"
optional = false
python-versions = "!=3.0.*,!=3.1.*,!=3.2.*,!=3.3.*,!=3.4.*,>=2.7"
version = "1.7.0"

[package.dependencies]
zipp = ">=0.5"

[package.extras]
docs = ["sphinx", "rst.linker"]
testing = ["packaging", "pep517", "importlib-resources (>=1.3)"]

[[package]]
category = "dev"
description = "JSON Matching Expressions"
name = "jmespath"
optional = false
python-versions = ">=2.6, !=3.0.*, !=3.1.*, !=3.2.*"
version = "0.10.0"

[[package]]
category = "dev"
description = "Python library for serializing any arbitrary object graph into JSON"
name = "jsonpickle"
optional = false
python-versions = "*"
version = "1.3"

[[package]]
category = "dev"
description = "An implementation of JSON Schema validation for Python"
name = "jsonschema"
optional = false
python-versions = "*"
version = "3.2.0"

[package.dependencies]
attrs = ">=17.4.0"
pyrsistent = ">=0.14.0"
setuptools = "*"
six = ">=1.11.0"

[package.dependencies.importlib-metadata]
python = "<3.8"
version = "*"

[package.extras]
format = ["idna", "jsonpointer (>1.13)", "rfc3987", "strict-rfc3339", "webcolors"]
format_nongpl = ["idna", "jsonpointer (>1.13)", "webcolors", "rfc3986-validator (>0.1.0)", "rfc3339-validator"]

[[package]]
category = "dev"
description = "Persistent/Functional/Immutable data structures"
name = "pyrsistent"
optional = false
python-versions = ">=3.5"
version = "0.17.3"

[[package]]
category = "dev"
description = "Extensions to the standard Python datetime module"
name = "python-dateutil"
optional = false
python-versions = "!=3.0.*,!=3.1.*,!=3.2.*,>=2.7"
version = "2.8.1"

[package.dependencies]
six = ">=1.5"

[[package]]
category = "dev"
description = "YAML parser and emitter for Python"
name = "pyyaml"
optional = false
python-versions = ">=2.7, !=3.0.*, !=3.1.*, !=3.2.*, !=3.3.*, !=3.4.*"
version = "5.3.1"

[[package]]
category = "dev"
description = "An Amazon S3 Transfer Manager"
name = "s3transfer"
optional = false
python-versions = "*"
version = "0.3.3"

[package.dependencies]
botocore = ">=1.12.36,<2.0a.0"

[[package]]
category = "dev"
description = "Python 2 and 3 compatibility utilities"
name = "six"
optional = false
python-versions = ">=2.7, !=3.0.*, !=3.1.*, !=3.2.*"
version = "1.15.0"

[[package]]
category = "dev"
description = "Pretty-print tabular data"
name = "tabulate"
optional = false
python-versions = "*"
version = "0.8.7"

[package.extras]
widechars = ["wcwidth"]

[[package]]
category = "dev"
description = "HTTP library with thread-safe connection pooling, file post, and more."
marker = "python_version != \"3.4\""
name = "urllib3"
optional = false
python-versions = ">=2.7, !=3.0.*, !=3.1.*, !=3.2.*, !=3.3.*, !=3.4.*, <4"
version = "1.25.11"

[package.extras]
brotli = ["brotlipy (>=0.6.0)"]
secure = ["pyOpenSSL (>=0.14)", "cryptography (>=1.3.4)", "idna (>=2.0.0)", "certifi", "ipaddress"]
socks = ["PySocks (>=1.5.6,<1.5.7 || >1.5.7,<2.0)"]

[[package]]
category = "dev"
description = "Backport of pathlib-compatible object wrapper for zip files"
name = "zipp"
optional = false
python-versions = ">=3.6"
version = "3.4.0"

[package.extras]
docs = ["sphinx", "jaraco.packaging (>=3.2)", "rst.linker (>=1.9)"]
testing = ["pytest (>=3.5,<3.7.3 || >3.7.3)", "pytest-checkdocs (>=1.2.3)", "pytest-flake8", "pytest-cov", "jaraco.test (>=3.2.0)", "jaraco.itertools", "func-timeout", "pytest-black (>=0.3.7)", "pytest-mypy"]

[metadata]
content-hash = "5b44828a798b7f0748ca1954487c3ee43dde75bb63538af5df382bf0ba7da008"
lock-version = "1.0"
python-versions = "^3.6"

[metadata.files]
argcomplete = [
    {file = "argcomplete-1.12.1-py2.py3-none-any.whl", hash = "sha256:5cd1ac4fc49c29d6016fc2cc4b19a3c08c3624544503495bf25989834c443898"},
    {file = "argcomplete-1.12.1.tar.gz", hash = "sha256:849c2444c35bb2175aea74100ca5f644c29bf716429399c0f2203bb5d9a8e4e6"},
]
attrs = [
    {file = "attrs-20.2.0-py2.py3-none-any.whl", hash = "sha256:fce7fc47dfc976152e82d53ff92fa0407700c21acd20886a13777a0d20e655dc"},
    {file = "attrs-20.2.0.tar.gz", hash = "sha256:26b54ddbbb9ee1d34d5d3668dd37d6cf74990ab23c828c2888dccdceee395594"},
]
boto3 = [
    {file = "boto3-1.16.6-py2.py3-none-any.whl", hash = "sha256:f0b0a3611f9471137d3714b5dd8a8d0911f2b035f3de2d71ebe3e830e4e6d724"},
    {file = "boto3-1.16.6.tar.gz", hash = "sha256:fb94f75d394fc97e5328f9b1a5badcfbd79e0ab5596254f8c49cfd40c69bb436"},
]
botocore = [
    {file = "botocore-1.19.6-py2.py3-none-any.whl", hash = "sha256:66e1d9f3ef22480e679fcfb1bdeeb2ef1cbe671278fd27464ab3b594a928e0bf"},
    {file = "botocore-1.19.6.tar.gz", hash = "sha256:97d03523324dfff078aac12f88304f73038d449e10e05d378993fb3a22727c42"},
]
c7n = []
click = [
    {file = "click-7.1.2-py2.py3-none-any.whl", hash = "sha256:dacca89f4bfadd5de3d7489b7c8a566eee0d3676333fbb50030263894c38c0dc"},
    {file = "click-7.1.2.tar.gz", hash = "sha256:d2b5255c7c6349bc1bd1e59e08cd12acbbd63ce649f2588755783aa94dfb6b1a"},
]
importlib-metadata = [
    {file = "importlib_metadata-1.7.0-py2.py3-none-any.whl", hash = "sha256:dc15b2969b4ce36305c51eebe62d418ac7791e9a157911d58bfb1f9ccd8e2070"},
    {file = "importlib_metadata-1.7.0.tar.gz", hash = "sha256:90bb658cdbbf6d1735b6341ce708fc7024a3e14e99ffdc5783edea9f9b077f83"},
]
jmespath = [
    {file = "jmespath-0.10.0-py2.py3-none-any.whl", hash = "sha256:cdf6525904cc597730141d61b36f2e4b8ecc257c420fa2f4549bac2c2d0cb72f"},
    {file = "jmespath-0.10.0.tar.gz", hash = "sha256:b85d0567b8666149a93172712e68920734333c0ce7e89b78b3e987f71e5ed4f9"},
]
jsonpickle = [
    {file = "jsonpickle-1.3-py2.py3-none-any.whl", hash = "sha256:efc6839cb341985f0c24f98650a4c1063a2877c236ffd3d7e1662f0c482bac93"},
    {file = "jsonpickle-1.3.tar.gz", hash = "sha256:71bca2b80ae28af4e3f86629ef247100af7f97032b5ca8d791c1f8725b411d95"},
]
jsonschema = [
    {file = "jsonschema-3.2.0-py2.py3-none-any.whl", hash = "sha256:4e5b3cf8216f577bee9ce139cbe72eca3ea4f292ec60928ff24758ce626cd163"},
    {file = "jsonschema-3.2.0.tar.gz", hash = "sha256:c8a85b28d377cc7737e46e2d9f2b4f44ee3c0e1deac6bf46ddefc7187d30797a"},
]
pyrsistent = [
    {file = "pyrsistent-0.17.3.tar.gz", hash = "sha256:2e636185d9eb976a18a8a8e96efce62f2905fea90041958d8cc2a189756ebf3e"},
]
python-dateutil = [
    {file = "python-dateutil-2.8.1.tar.gz", hash = "sha256:73ebfe9dbf22e832286dafa60473e4cd239f8592f699aa5adaf10050e6e1823c"},
    {file = "python_dateutil-2.8.1-py2.py3-none-any.whl", hash = "sha256:75bb3f31ea686f1197762692a9ee6a7550b59fc6ca3a1f4b5d7e32fb98e2da2a"},
]
pyyaml = [
    {file = "PyYAML-5.3.1-cp27-cp27m-win32.whl", hash = "sha256:74809a57b329d6cc0fdccee6318f44b9b8649961fa73144a98735b0aaf029f1f"},
    {file = "PyYAML-5.3.1-cp27-cp27m-win_amd64.whl", hash = "sha256:240097ff019d7c70a4922b6869d8a86407758333f02203e0fc6ff79c5dcede76"},
    {file = "PyYAML-5.3.1-cp35-cp35m-win32.whl", hash = "sha256:4f4b913ca1a7319b33cfb1369e91e50354d6f07a135f3b901aca02aa95940bd2"},
    {file = "PyYAML-5.3.1-cp35-cp35m-win_amd64.whl", hash = "sha256:cc8955cfbfc7a115fa81d85284ee61147059a753344bc51098f3ccd69b0d7e0c"},
    {file = "PyYAML-5.3.1-cp36-cp36m-win32.whl", hash = "sha256:7739fc0fa8205b3ee8808aea45e968bc90082c10aef6ea95e855e10abf4a37b2"},
    {file = "PyYAML-5.3.1-cp36-cp36m-win_amd64.whl", hash = "sha256:69f00dca373f240f842b2931fb2c7e14ddbacd1397d57157a9b005a6a9942648"},
    {file = "PyYAML-5.3.1-cp37-cp37m-win32.whl", hash = "sha256:d13155f591e6fcc1ec3b30685d50bf0711574e2c0dfffd7644babf8b5102ca1a"},
    {file = "PyYAML-5.3.1-cp37-cp37m-win_amd64.whl", hash = "sha256:73f099454b799e05e5ab51423c7bcf361c58d3206fa7b0d555426b1f4d9a3eaf"},
    {file = "PyYAML-5.3.1-cp38-cp38-win32.whl", hash = "sha256:06a0d7ba600ce0b2d2fe2e78453a470b5a6e000a985dd4a4e54e436cc36b0e97"},
    {file = "PyYAML-5.3.1-cp38-cp38-win_amd64.whl", hash = "sha256:95f71d2af0ff4227885f7a6605c37fd53d3a106fcab511b8860ecca9fcf400ee"},
    {file = "PyYAML-5.3.1.tar.gz", hash = "sha256:b8eac752c5e14d3eca0e6dd9199cd627518cb5ec06add0de9d32baeee6fe645d"},
]
s3transfer = [
    {file = "s3transfer-0.3.3-py2.py3-none-any.whl", hash = "sha256:2482b4259524933a022d59da830f51bd746db62f047d6eb213f2f8855dcb8a13"},
    {file = "s3transfer-0.3.3.tar.gz", hash = "sha256:921a37e2aefc64145e7b73d50c71bb4f26f46e4c9f414dc648c6245ff92cf7db"},
]
six = [
    {file = "six-1.15.0-py2.py3-none-any.whl", hash = "sha256:8b74bedcbbbaca38ff6d7491d76f2b06b3592611af620f8426e82dddb04a5ced"},
    {file = "six-1.15.0.tar.gz", hash = "sha256:30639c035cdb23534cd4aa2dd52c3bf48f06e5f4a941509c8bafd8ce11080259"},
]
tabulate = [
    {file = "tabulate-0.8.7-py3-none-any.whl", hash = "sha256:ac64cb76d53b1231d364babcd72abbb16855adac7de6665122f97b593f1eb2ba"},
    {file = "tabulate-0.8.7.tar.gz", hash = "sha256:db2723a20d04bcda8522165c73eea7c300eda74e0ce852d9022e0159d7895007"},
]
urllib3 = [
    {file = "urllib3-1.25.11-py2.py3-none-any.whl", hash = "sha256:f5321fbe4bf3fefa0efd0bfe7fb14e90909eb62a48ccda331726b4319897dd5e"},
    {file = "urllib3-1.25.11.tar.gz", hash = "sha256:8d7eaa5a82a1cac232164990f04874c594c9453ec55eef02eab885aa02fc17a2"},
]
zipp = [
    {file = "zipp-3.4.0-py3-none-any.whl", hash = "sha256:102c24ef8f171fd729d46599845e95c7ab894a4cf45f5de11a44cc7444fb1108"},
    {file = "zipp-3.4.0.tar.gz", hash = "sha256:ed5eee1974372595f9e416cc7bbeeb12335201d8081ca8a0743c954d4446e5cb"},
]
